
Microsoft Visual Studio Solution File, Format Version 12.00
# Visual Studio Version 16
VisualStudioVersion = 16.0.31624.102
MinimumVisualStudioVersion = 10.0.40219.1
Project("{FAE04EC0-301F-11D3-BF4B-00C04F79EFBC}") = "Chatterino", "Chatterino\Chatterino.csproj", "{866998E7-3AA7-4D82-B392-C1BFF18E19F8}"
EndProject
Project("{FAE04EC0-301F-11D3-BF4B-00C04F79EFBC}") = "Chatterino.Common", "Chatterino.Common\Chatterino.Common.csproj", "{D6032F9B-B3AD-4D1A-942A-ACD06EA16A4A}"
EndProject
Project("{FAE04EC0-301F-11D3-BF4B-00C04F79EFBC}") = "TwitchIrc", "TwitchIrc\TwitchIrc.csproj", "{8B6E613B-FB33-4B7C-AC28-7E4385E6BF64}"
EndProject
Project("{FAE04EC0-301F-11D3-BF4B-00C04F79EFBC}") = "TwitchIrc.Tests", "TwitchIrc.Tests\TwitchIrc.Tests.csproj", "{E8E446BA-C878-470F-AD58-DEC6298392E6}"
EndProject
Global
	GlobalSection(SolutionConfigurationPlatforms) = preSolution
		Ad-Hoc|Any CPU = Ad-Hoc|Any CPU
		Ad-Hoc|ARM = Ad-Hoc|ARM
		Ad-Hoc|iPhone = Ad-Hoc|iPhone
		Ad-Hoc|iPhoneSimulator = Ad-Hoc|iPhoneSimulator
		Ad-Hoc|x64 = Ad-Hoc|x64
		Ad-Hoc|x86 = Ad-Hoc|x86
		AppStore|Any CPU = AppStore|Any CPU
		AppStore|ARM = AppStore|ARM
		AppStore|iPhone = AppStore|iPhone
		AppStore|iPhoneSimulator = AppStore|iPhoneSimulator
		AppStore|x64 = AppStore|x64
		AppStore|x86 = AppStore|x86
		Debug|Any CPU = Debug|Any CPU
		Debug|ARM = Debug|ARM
		Debug|iPhone = Debug|iPhone
		Debug|iPhoneSimulator = Debug|iPhoneSimulator
		Debug|x64 = Debug|x64
		Debug|x86 = Debug|x86
		Release|Any CPU = Release|Any CPU
		Release|ARM = Release|ARM
		Release|iPhone = Release|iPhone
		Release|iPhoneSimulator = Release|iPhoneSimulator
		Release|x64 = Release|x64
		Release|x86 = Release|x86
	EndGlobalSection
	GlobalSection(ProjectConfigurationPlatforms) = postSolution
		{866998E7-3AA7-4D82-B392-C1BFF18E19F8}.Ad-Hoc|Any CPU.ActiveCfg = Release|Any CPU
		{866998E7-3AA7-4D82-B392-C1BFF18E19F8}.Ad-Hoc|Any CPU.Build.0 = Release|Any CPU
		{866998E7-3AA7-4D82-B392-C1BFF18E19F8}.Ad-Hoc|ARM.ActiveCfg = Release|Any CPU
		{866998E7-3AA7-4D82-B392-C1BFF18E19F8}.Ad-Hoc|ARM.Build.0 = Release|Any CPU
		{866998E7-3AA7-4D82-B392-C1BFF18E19F8}.Ad-Hoc|iPhone.ActiveCfg = Release|Any CPU
		{866998E7-3AA7-4D82-B392-C1BFF18E19F8}.Ad-Hoc|iPhone.Build.0 = Release|Any CPU
		{866998E7-3AA7-4D82-B392-C1BFF18E19F8}.Ad-Hoc|iPhoneSimulator.ActiveCfg = Release|Any CPU
		{866998E7-3AA7-4D82-B392-C1BFF18E19F8}.Ad-Hoc|iPhoneSimulator.Build.0 = Release|Any CPU
		{866998E7-3AA7-4D82-B392-C1BFF18E19F8}.Ad-Hoc|x64.ActiveCfg = Release|Any CPU
		{866998E7-3AA7-4D82-B392-C1BFF18E19F8}.Ad-Hoc|x64.Build.0 = Release|Any CPU
		{866998E7-3AA7-4D82-B392-C1BFF18E19F8}.Ad-Hoc|x86.ActiveCfg = Release|Any CPU
		{866998E7-3AA7-4D82-B392-C1BFF18E19F8}.Ad-Hoc|x86.Build.0 = Release|Any CPU
		{866998E7-3AA7-4D82-B392-C1BFF18E19F8}.AppStore|Any CPU.ActiveCfg = Release|Any CPU
		{866998E7-3AA7-4D82-B392-C1BFF18E19F8}.AppStore|Any CPU.Build.0 = Release|Any CPU
		{866998E7-3AA7-4D82-B392-C1BFF18E19F8}.AppStore|ARM.ActiveCfg = Release|Any CPU
		{866998E7-3AA7-4D82-B392-C1BFF18E19F8}.AppStore|ARM.Build.0 = Release|Any CPU
		{866998E7-3AA7-4D82-B392-C1BFF18E19F8}.AppStore|iPhone.ActiveCfg = Release|Any CPU
		{866998E7-3AA7-4D82-B392-C1BFF18E19F8}.AppStore|iPhone.Build.0 = Release|Any CPU
		{866998E7-3AA7-4D82-B392-C1BFF18E19F8}.AppStore|iPhoneSimulator.ActiveCfg = Release|Any CPU
		{866998E7-3AA7-4D82-B392-C1BFF18E19F8}.AppStore|iPhoneSimulator.Build.0 = Release|Any CPU
		{866998E7-3AA7-4D82-B392-C1BFF18E19F8}.AppStore|x64.ActiveCfg = Release|Any CPU
		{866998E7-3AA7-4D82-B392-C1BFF18E19F8}.AppStore|x64.Build.0 = Release|Any CPU
		{866998E7-3AA7-4D82-B392-C1BFF18E19F8}.AppStore|x86.ActiveCfg = Release|Any CPU
		{866998E7-3AA7-4D82-B392-C1BFF18E19F8}.AppStore|x86.Build.0 = Release|Any CPU
		{866998E7-3AA7-4D82-B392-C1BFF18E19F8}.Debug|Any CPU.ActiveCfg = Debug|Any CPU
		{866998E7-3AA7-4D82-B392-C1BFF18E19F8}.Debug|Any CPU.Build.0 = Debug|Any CPU
		{866998E7-3AA7-4D82-B392-C1BFF18E19F8}.Debug|ARM.ActiveCfg = Debug|Any CPU
		{866998E7-3AA7-4D82-B392-C1BFF18E19F8}.Debug|ARM.Build.0 = Debug|Any CPU
		{866998E7-3AA7-4D82-B392-C1BFF18E19F8}.Debug|iPhone.ActiveCfg = Debug|Any CPU
		{866998E7-3AA7-4D82-B392-C1BFF18E19F8}.Debug|iPhone.Build.0 = Debug|Any CPU
		{866998E7-3AA7-4D82-B392-C1BFF18E19F8}.Debug|iPhoneSimulator.ActiveCfg = Debug|Any CPU
		{866998E7-3AA7-4D82-B392-C1BFF18E19F8}.Debug|iPhoneSimulator.Build.0 = Debug|Any CPU
		{866998E7-3AA7-4D82-B392-C1BFF18E19F8}.Debug|x64.ActiveCfg = Debug|Any CPU
		{866998E7-3AA7-4D82-B392-C1BFF18E19F8}.Debug|x64.Build.0 = Debug|Any CPU
		{866998E7-3AA7-4D82-B392-C1BFF18E19F8}.Debug|x86.ActiveCfg = Debug|Any CPU
		{866998E7-3AA7-4D82-B392-C1BFF18E19F8}.Debug|x86.Build.0 = Debug|Any CPU
		{866998E7-3AA7-4D82-B392-C1BFF18E19F8}.Release|Any CPU.ActiveCfg = Release|Any CPU
		{866998E7-3AA7-4D82-B392-C1BFF18E19F8}.Release|Any CPU.Build.0 = Release|Any CPU
		{866998E7-3AA7-4D82-B392-C1BFF18E19F8}.Release|ARM.ActiveCfg = Release|Any CPU
		{866998E7-3AA7-4D82-B392-C1BFF18E19F8}.Release|ARM.Build.0 = Release|Any CPU
		{866998E7-3AA7-4D82-B392-C1BFF18E19F8}.Release|iPhone.ActiveCfg = Release|Any CPU
		{866998E7-3AA7-4D82-B392-C1BFF18E19F8}.Release|iPhone.Build.0 = Release|Any CPU
		{866998E7-3AA7-4D82-B392-C1BFF18E19F8}.Release|iPhoneSimulator.ActiveCfg = Release|Any CPU
		{866998E7-3AA7-4D82-B392-C1BFF18E19F8}.Release|iPhoneSimulator.Build.0 = Release|Any CPU
		{866998E7-3AA7-4D82-B392-C1BFF18E19F8}.Release|x64.ActiveCfg = Release|Any CPU
		{866998E7-3AA7-4D82-B392-C1BFF18E19F8}.Release|x64.Build.0 = Release|Any CPU
		{866998E7-3AA7-4D82-B392-C1BFF18E19F8}.Release|x86.ActiveCfg = Release|Any CPU
		{866998E7-3AA7-4D82-B392-C1BFF18E19F8}.Release|x86.Build.0 = Release|Any CPU
		{D6032F9B-B3AD-4D1A-942A-ACD06EA16A4A}.Ad-Hoc|Any CPU.ActiveCfg = Release|Any CPU
		{D6032F9B-B3AD-4D1A-942A-ACD06EA16A4A}.Ad-Hoc|Any CPU.Build.0 = Release|Any CPU
		{D6032F9B-B3AD-4D1A-942A-ACD06EA16A4A}.Ad-Hoc|ARM.ActiveCfg = Release|Any CPU
		{D6032F9B-B3AD-4D1A-942A-ACD06EA16A4A}.Ad-Hoc|ARM.Build.0 = Release|Any CPU
		{D6032F9B-B3AD-4D1A-942A-ACD06EA16A4A}.Ad-Hoc|iPhone.ActiveCfg = Release|Any CPU
		{D6032F9B-B3AD-4D1A-942A-ACD06EA16A4A}.Ad-Hoc|iPhone.Build.0 = Release|Any CPU
		{D6032F9B-B3AD-4D1A-942A-ACD06EA16A4A}.Ad-Hoc|iPhoneSimulator.ActiveCfg = Release|Any CPU
		{D6032F9B-B3AD-4D1A-942A-ACD06EA16A4A}.Ad-Hoc|iPhoneSimulator.Build.0 = Release|Any CPU
		{D6032F9B-B3AD-4D1A-942A-ACD06EA16A4A}.Ad-Hoc|x64.ActiveCfg = Release|Any CPU
		{D6032F9B-B3AD-4D1A-942A-ACD06EA16A4A}.Ad-Hoc|x64.Build.0 = Release|Any CPU
		{D6032F9B-B3AD-4D1A-942A-ACD06EA16A4A}.Ad-Hoc|x86.ActiveCfg = Release|Any CPU
		{D6032F9B-B3AD-4D1A-942A-ACD06EA16A4A}.Ad-Hoc|x86.Build.0 = Release|Any CPU
		{D6032F9B-B3AD-4D1A-942A-ACD06EA16A4A}.AppStore|Any CPU.ActiveCfg = Release|Any CPU
		{D6032F9B-B3AD-4D1A-942A-ACD06EA16A4A}.AppStore|Any CPU.Build.0 = Release|Any CPU
		{D6032F9B-B3AD-4D1A-942A-ACD06EA16A4A}.AppStore|ARM.ActiveCfg = Release|Any CPU
		{D6032F9B-B3AD-4D1A-942A-ACD06EA16A4A}.AppStore|ARM.Build.0 = Release|Any CPU
		{D6032F9B-B3AD-4D1A-942A-ACD06EA16A4A}.AppStore|iPhone.ActiveCfg = Release|Any CPU
		{D6032F9B-B3AD-4D1A-942A-ACD06EA16A4A}.AppStore|iPhone.Build.0 = Release|Any CPU
		{D6032F9B-B3AD-4D1A-942A-ACD06EA16A4A}.AppStore|iPhoneSimulator.ActiveCfg = Release|Any CPU
		{D6032F9B-B3AD-4D1A-942A-ACD06EA16A4A}.AppStore|iPhoneSimulator.Build.0 = Release|Any CPU
		{D6032F9B-B3AD-4D1A-942A-ACD06EA16A4A}.AppStore|x64.ActiveCfg = Release|Any CPU
		{D6032F9B-B3AD-4D1A-942A-ACD06EA16A4A}.AppStore|x64.Build.0 = Release|Any CPU
		{D6032F9B-B3AD-4D1A-942A-ACD06EA16A4A}.AppStore|x86.ActiveCfg = Release|Any CPU
		{D6032F9B-B3AD-4D1A-942A-ACD06EA16A4A}.AppStore|x86.Build.0 = Release|Any CPU
		{D6032F9B-B3AD-4D1A-942A-ACD06EA16A4A}.Debug|Any CPU.ActiveCfg = Debug|Any CPU
		{D6032F9B-B3AD-4D1A-942A-ACD06EA16A4A}.Debug|Any CPU.Build.0 = Debug|Any CPU
		{D6032F9B-B3AD-4D1A-942A-ACD06EA16A4A}.Debug|ARM.ActiveCfg = Debug|Any CPU
		{D6032F9B-B3AD-4D1A-942A-ACD06EA16A4A}.Debug|ARM.Build.0 = Debug|Any CPU
		{D6032F9B-B3AD-4D1A-942A-ACD06EA16A4A}.Debug|iPhone.ActiveCfg = Debug|Any CPU
		{D6032F9B-B3AD-4D1A-942A-ACD06EA16A4A}.Debug|iPhone.Build.0 = Debug|Any CPU
		{D6032F9B-B3AD-4D1A-942A-ACD06EA16A4A}.Debug|iPhoneSimulator.ActiveCfg = Debug|Any CPU
		{D6032F9B-B3AD-4D1A-942A-ACD06EA16A4A}.Debug|iPhoneSimulator.Build.0 = Debug|Any CPU
		{D6032F9B-B3AD-4D1A-942A-ACD06EA16A4A}.Debug|x64.ActiveCfg = Debug|Any CPU
		{D6032F9B-B3AD-4D1A-942A-ACD06EA16A4A}.Debug|x64.Build.0 = Debug|Any CPU
		{D6032F9B-B3AD-4D1A-942A-ACD06EA16A4A}.Debug|x86.ActiveCfg = Debug|Any CPU
		{D6032F9B-B3AD-4D1A-942A-ACD06EA16A4A}.Debug|x86.Build.0 = Debug|Any CPU
		{D6032F9B-B3AD-4D1A-942A-ACD06EA16A4A}.Release|Any CPU.ActiveCfg = Release|Any CPU
		{D6032F9B-B3AD-4D1A-942A-ACD06EA16A4A}.Release|Any CPU.Build.0 = Release|Any CPU
		{D6032F9B-B3AD-4D1A-942A-ACD06EA16A4A}.Release|ARM.ActiveCfg = Release|Any CPU
		{D6032F9B-B3AD-4D1A-942A-ACD06EA16A4A}.Release|ARM.Build.0 = Release|Any CPU
		{D6032F9B-B3AD-4D1A-942A-ACD06EA16A4A}.Release|iPhone.ActiveCfg = Release|Any CPU
		{D6032F9B-B3AD-4D1A-942A-ACD06EA16A4A}.Release|iPhone.Build.0 = Release|Any CPU
		{D6032F9B-B3AD-4D1A-942A-ACD06EA16A4A}.Release|iPhoneSimulator.ActiveCfg = Release|Any CPU
		{D6032F9B-B3AD-4D1A-942A-ACD06EA16A4A}.Release|iPhoneSimulator.Build.0 = Release|Any CPU
		{D6032F9B-B3AD-4D1A-942A-ACD06EA16A4A}.Release|x64.ActiveCfg = Release|Any CPU
		{D6032F9B-B3AD-4D1A-942A-ACD06EA16A4A}.Release|x64.Build.0 = Release|Any CPU
		{D6032F9B-B3AD-4D1A-942A-ACD06EA16A4A}.Release|x86.ActiveCfg = Release|Any CPU
		{D6032F9B-B3AD-4D1A-942A-ACD06EA16A4A}.Release|x86.Build.0 = Release|Any CPU
		{8B6E613B-FB33-4B7C-AC28-7E4385E6BF64}.Ad-Hoc|Any CPU.ActiveCfg = Release|Any CPU
		{8B6E613B-FB33-4B7C-AC28-7E4385E6BF64}.Ad-Hoc|Any CPU.Build.0 = Release|Any CPU
		{8B6E613B-FB33-4B7C-AC28-7E4385E6BF64}.Ad-Hoc|ARM.ActiveCfg = Release|Any CPU
		{8B6E613B-FB33-4B7C-AC28-7E4385E6BF64}.Ad-Hoc|ARM.Build.0 = Release|Any CPU
		{8B6E613B-FB33-4B7C-AC28-7E4385E6BF64}.Ad-Hoc|iPhone.ActiveCfg = Release|Any CPU
		{8B6E613B-FB33-4B7C-AC28-7E4385E6BF64}.Ad-Hoc|iPhone.Build.0 = Release|Any CPU
		{8B6E613B-FB33-4B7C-AC28-7E4385E6BF64}.Ad-Hoc|iPhoneSimulator.ActiveCfg = Release|Any CPU
		{8B6E613B-FB33-4B7C-AC28-7E4385E6BF64}.Ad-Hoc|iPhoneSimulator.Build.0 = Release|Any CPU
		{8B6E613B-FB33-4B7C-AC28-7E4385E6BF64}.Ad-Hoc|x64.ActiveCfg = Release|Any CPU
		{8B6E613B-FB33-4B7C-AC28-7E4385E6BF64}.Ad-Hoc|x64.Build.0 = Release|Any CPU
		{8B6E613B-FB33-4B7C-AC28-7E4385E6BF64}.Ad-Hoc|x86.ActiveCfg = Release|Any CPU
		{8B6E613B-FB33-4B7C-AC28-7E4385E6BF64}.Ad-Hoc|x86.Build.0 = Release|Any CPU
		{8B6E613B-FB33-4B7C-AC28-7E4385E6BF64}.AppStore|Any CPU.ActiveCfg = Release|Any CPU
		{8B6E613B-FB33-4B7C-AC28-7E4385E6BF64}.AppStore|Any CPU.Build.0 = Release|Any CPU
		{8B6E613B-FB33-4B7C-AC28-7E4385E6BF64}.AppStore|ARM.ActiveCfg = Release|Any CPU
		{8B6E613B-FB33-4B7C-AC28-7E4385E6BF64}.AppStore|ARM.Build.0 = Release|Any CPU
		{8B6E613B-FB33-4B7C-AC28-7E4385E6BF64}.AppStore|iPhone.ActiveCfg = Release|Any CPU
		{8B6E613B-FB33-4B7C-AC28-7E4385E6BF64}.AppStore|iPhone.Build.0 = Release|Any CPU
		{8B6E613B-FB33-4B7C-AC28-7E4385E6BF64}.AppStore|iPhoneSimulator.ActiveCfg = Release|Any CPU
		{8B6E613B-FB33-4B7C-AC28-7E4385E6BF64}.AppStore|iPhoneSimulator.Build.0 = Release|Any CPU
		{8B6E613B-FB33-4B7C-AC28-7E4385E6BF64}.AppStore|x64.ActiveCfg = Release|Any CPU
		{8B6E613B-FB33-4B7C-AC28-7E4385E6BF64}.AppStore|x64.Build.0 = Release|Any CPU
		{8B6E613B-FB33-4B7C-AC28-7E4385E6BF64}.AppStore|x86.ActiveCfg = Release|Any CPU
		{8B6E613B-FB33-4B7C-AC28-7E4385E6BF64}.AppStore|x86.Build.0 = Release|Any CPU
		{8B6E613B-FB33-4B7C-AC28-7E4385E6BF64}.Debug|Any CPU.ActiveCfg = Debug|Any CPU
		{8B6E613B-FB33-4B7C-AC28-7E4385E6BF64}.Debug|Any CPU.Build.0 = Debug|Any CPU
		{8B6E613B-FB33-4B7C-AC28-7E4385E6BF64}.Debug|ARM.ActiveCfg = Debug|Any CPU
		{8B6E613B-FB33-4B7C-AC28-7E4385E6BF64}.Debug|ARM.Build.0 = Debug|Any CPU
		{8B6E613B-FB33-4B7C-AC28-7E4385E6BF64}.Debug|iPhone.ActiveCfg = Debug|Any CPU
		{8B6E613B-FB33-4B7C-AC28-7E4385E6BF64}.Debug|iPhone.Build.0 = Debug|Any CPU
		{8B6E613B-FB33-4B7C-AC28-7E4385E6BF64}.Debug|iPhoneSimulator.ActiveCfg = Debug|Any CPU
		{8B6E613B-FB33-4B7C-AC28-7E4385E6BF64}.Debug|iPhoneSimulator.Build.0 = Debug|Any CPU
		{8B6E613B-FB33-4B7C-AC28-7E4385E6BF64}.Debug|x64.ActiveCfg = Debug|Any CPU
		{8B6E613B-FB33-4B7C-AC28-7E4385E6BF64}.Debug|x64.Build.0 = Debug|Any CPU
		{8B6E613B-FB33-4B7C-AC28-7E4385E6BF64}.Debug|x86.ActiveCfg = Debug|Any CPU
		{8B6E613B-FB33-4B7C-AC28-7E4385E6BF64}.Debug|x86.Build.0 = Debug|Any CPU
		{8B6E613B-FB33-4B7C-AC28-7E4385E6BF64}.Release|Any CPU.ActiveCfg = Release|Any CPU
		{8B6E613B-FB33-4B7C-AC28-7E4385E6BF64}.Release|Any CPU.Build.0 = Release|Any CPU
		{8B6E613B-FB33-4B7C-AC28-7E4385E6BF64}.Release|ARM.ActiveCfg = Release|Any CPU
		{8B6E613B-FB33-4B7C-AC28-7E4385E6BF64}.Release|ARM.Build.0 = Release|Any CPU
		{8B6E613B-FB33-4B7C-AC28-7E4385E6BF64}.Release|iPhone.ActiveCfg = Release|Any CPU
		{8B6E613B-FB33-4B7C-AC28-7E4385E6BF64}.Release|iPhone.Build.0 = Release|Any CPU
		{8B6E613B-FB33-4B7C-AC28-7E4385E6BF64}.Release|iPhoneSimulator.ActiveCfg = Release|Any CPU
		{8B6E613B-FB33-4B7C-AC28-7E4385E6BF64}.Release|iPhoneSimulator.Build.0 = Release|Any CPU
		{8B6E613B-FB33-4B7C-AC28-7E4385E6BF64}.Release|x64.ActiveCfg = Release|Any CPU
		{8B6E613B-FB33-4B7C-AC28-7E4385E6BF64}.Release|x64.Build.0 = Release|Any CPU
		{8B6E613B-FB33-4B7C-AC28-7E4385E6BF64}.Release|x86.ActiveCfg = Release|Any CPU
		{8B6E613B-FB33-4B7C-AC28-7E4385E6BF64}.Release|x86.Build.0 = Release|Any CPU
		{E8E446BA-C878-470F-AD58-DEC6298392E6}.Ad-Hoc|Any CPU.ActiveCfg = Debug|Any CPU
		{E8E446BA-C878-470F-AD58-DEC6298392E6}.Ad-Hoc|Any CPU.Build.0 = Debug|Any CPU
		{E8E446BA-C878-470F-AD58-DEC6298392E6}.Ad-Hoc|ARM.ActiveCfg = Debug|Any CPU
		{E8E446BA-C878-470F-AD58-DEC6298392E6}.Ad-Hoc|ARM.Build.0 = Debug|Any CPU
		{E8E446BA-C878-470F-AD58-DEC6298392E6}.Ad-Hoc|iPhone.ActiveCfg = Debug|Any CPU
		{E8E446BA-C878-470F-AD58-DEC6298392E6}.Ad-Hoc|iPhone.Build.0 = Debug|Any CPU
		{E8E446BA-C878-470F-AD58-DEC6298392E6}.Ad-Hoc|iPhoneSimulator.ActiveCfg = Debug|Any CPU
		{E8E446BA-C878-470F-AD58-DEC6298392E6}.Ad-Hoc|iPhoneSimulator.Build.0 = Debug|Any CPU
		{E8E446BA-C878-470F-AD58-DEC6298392E6}.Ad-Hoc|x64.ActiveCfg = Debug|Any CPU
		{E8E446BA-C878-470F-AD58-DEC6298392E6}.Ad-Hoc|x64.Build.0 = Debug|Any CPU
		{E8E446BA-C878-470F-AD58-DEC6298392E6}.Ad-Hoc|x86.ActiveCfg = Debug|Any CPU
		{E8E446BA-C878-470F-AD58-DEC6298392E6}.Ad-Hoc|x86.Build.0 = Debug|Any CPU
		{E8E446BA-C878-470F-AD58-DEC6298392E6}.AppStore|Any CPU.ActiveCfg = Debug|Any CPU
		{E8E446BA-C878-470F-AD58-DEC6298392E6}.AppStore|Any CPU.Build.0 = Debug|Any CPU
		{E8E446BA-C878-470F-AD58-DEC6298392E6}.AppStore|ARM.ActiveCfg = Debug|Any CPU
		{E8E446BA-C878-470F-AD58-DEC6298392E6}.AppStore|ARM.Build.0 = Debug|Any CPU
		{E8E446BA-C878-470F-AD58-DEC6298392E6}.AppStore|iPhone.ActiveCfg = Debug|Any CPU
		{E8E446BA-C878-470F-AD58-DEC6298392E6}.AppStore|iPhone.Build.0 = Debug|Any CPU
		{E8E446BA-C878-470F-AD58-DEC6298392E6}.AppStore|iPhoneSimulator.ActiveCfg = Debug|Any CPU
		{E8E446BA-C878-470F-AD58-DEC6298392E6}.AppStore|iPhoneSimulator.Build.0 = Debug|Any CPU
		{E8E446BA-C878-470F-AD58-DEC6298392E6}.AppStore|x64.ActiveCfg = Debug|Any CPU
		{E8E446BA-C878-470F-AD58-DEC6298392E6}.AppStore|x64.Build.0 = Debug|Any CPU
		{E8E446BA-C878-470F-AD58-DEC6298392E6}.AppStore|x86.ActiveCfg = Debug|Any CPU
		{E8E446BA-C878-470F-AD58-DEC6298392E6}.AppStore|x86.Build.0 = Debug|Any CPU
		{E8E446BA-C878-470F-AD58-DEC6298392E6}.Debug|Any CPU.ActiveCfg = Debug|Any CPU
		{E8E446BA-C878-470F-AD58-DEC6298392E6}.Debug|Any CPU.Build.0 = Debug|Any CPU
		{E8E446BA-C878-470F-AD58-DEC6298392E6}.Debug|ARM.ActiveCfg = Debug|Any CPU
		{E8E446BA-C878-470F-AD58-DEC6298392E6}.Debug|ARM.Build.0 = Debug|Any CPU
		{E8E446BA-C878-470F-AD58-DEC6298392E6}.Debug|iPhone.ActiveCfg = Debug|Any CPU
		{E8E446BA-C878-470F-AD58-DEC6298392E6}.Debug|iPhone.Build.0 = Debug|Any CPU
		{E8E446BA-C878-470F-AD58-DEC6298392E6}.Debug|iPhoneSimulator.ActiveCfg = Debug|Any CPU
		{E8E446BA-C878-470F-AD58-DEC6298392E6}.Debug|iPhoneSimulator.Build.0 = Debug|Any CPU
		{E8E446BA-C878-470F-AD58-DEC6298392E6}.Debug|x64.ActiveCfg = Debug|Any CPU
		{E8E446BA-C878-470F-AD58-DEC6298392E6}.Debug|x64.Build.0 = Debug|Any CPU
		{E8E446BA-C878-470F-AD58-DEC6298392E6}.Debug|x86.ActiveCfg = Debug|Any CPU
		{E8E446BA-C878-470F-AD58-DEC6298392E6}.Debug|x86.Build.0 = Debug|Any CPU
		{E8E446BA-C878-470F-AD58-DEC6298392E6}.Release|Any CPU.ActiveCfg = Release|Any CPU
		{E8E446BA-C878-470F-AD58-DEC6298392E6}.Release|Any CPU.Build.0 = Release|Any CPU
		{E8E446BA-C878-470F-AD58-DEC6298392E6}.Release|ARM.ActiveCfg = Release|Any CPU
		{E8E446BA-C878-470F-AD58-DEC6298392E6}.Release|ARM.Build.0 = Release|Any CPU
		{E8E446BA-C878-470F-AD58-DEC6298392E6}.Release|iPhone.ActiveCfg = Release|Any CPU
		{E8E446BA-C878-470F-AD58-DEC6298392E6}.Release|iPhone.Build.0 = Release|Any CPU
		{E8E446BA-C878-470F-AD58-DEC6298392E6}.Release|iPhoneSimulator.ActiveCfg = Release|Any CPU
		{E8E446BA-C878-470F-AD58-DEC6298392E6}.Release|iPhoneSimulator.Build.0 = Release|Any CPU
		{E8E446BA-C878-470F-AD58-DEC6298392E6}.Release|x64.ActiveCfg = Release|Any CPU
		{E8E446BA-C878-470F-AD58-DEC6298392E6}.Release|x64.Build.0 = Release|Any CPU
		{E8E446BA-C878-470F-AD58-DEC6298392E6}.Release|x86.ActiveCfg = Release|Any CPU
		{E8E446BA-C878-470F-AD58-DEC6298392E6}.Release|x86.Build.0 = Release|Any CPU
	EndGlobalSection
	GlobalSection(SolutionProperties) = preSolution
		HideSolutionNode = FALSE
	EndGlobalSection
	GlobalSection(ExtensibilityGlobals) = postSolution
		SolutionGuid = {69E795E6-02E3-445F-A21B-95E62924A19C}
	EndGlobalSection
EndGlobal
